version = 1
revision = 3
requires-python = ">=3.14"

[[package]]
name = "click"
version = "8.3.2"
source = { registry = "https://pypi.org/simple" }
dependencies = [
    { name = "colorama", marker = "sys_platform == 'win32'" },
]
sdist = { url = "https://files.pythonhosted.org/packages/57/75/31212c6bf2503fdf920d87fee5d7a86a2e3bcf444984126f13d8e4016804/click-8.3.2.tar.gz", hash = "sha256:14162b8b3b3550a7d479eafa77dfd3c38d9dc8951f6f69c78913a8f9a7540fd5", size = 302856, upload-time = "2026-04-03T19:14:45.118Z" }
wheels = [
    { url = "https://files.pythonhosted.org/packages/e4/20/71885d8b97d4f3dde17b1fdb92dbd4908b00541c5a3379787137285f602e/click-8.3.2-py3-none-any.whl", hash = "sha256:1924d2c27c5653561cd2cae4548d1406039cb79b858b747cfea24924bbc1616d", size = 108379, upload-time = "2026-04-03T19:14:43.505Z" },
]

[[package]]
name = "colorama"
version = "0.4.6"
source = { registry = "https://pypi.org/simple" }
sdist = { url = "https://files.pythonhosted.org/packages/d8/53/6f443c9a4a8358a93a6792e2acffb9d9d5cb0a5cfd8802644b7b1c9a02e4/colorama-0.4.6.tar.gz", hash = "sha256:08695f5cb7ed6e0531a20572697297273c47b8cae5a63ffc6d6ed5c201be6e44", size = 27697, upload-time = "2022-10-25T02:36:22.414Z" }
wheels = [
    { url = "https://files.pythonhosted.org/packages/d1/d6/3965ed04c63042e047cb6a3e6ed1a63a35087b6a609aa3a15ed8ac56c221/colorama-0.4.6-py2.py3-none-any.whl", hash = "sha256:4f1d9991f5acc0ca119f9d443620b77f9d6b33703e51011c16baf57afb285fc6", size = 25335, upload-time = "2022-10-25T02:36:20.889Z" },
]

[[package]]
name = "dbuv"
version = "0.1.0"
source = { editable = "." }
dependencies = [
    { name = "click" },
    { name = "peewee" },
]

[package.metadata]
requires-dist = [
    { name = "click", specifier = ">=8.3.2" },
    { name = "peewee", specifier = ">=4.0.4" },
]

[[package]]
name = "peewee"
version = "4.0.4"
source = { registry = "https://pypi.org/simple" }
sdist = { url = "https://files.pythonhosted.org/packages/ad/8e/8fe6b93914ed40b9cb5162e45e1be4f8bb8cf7f5a49333aa1a2d383e4870/peewee-4.0.4.tar.gz", hash = "sha256:70e07c14a10bec8d663514bda5854e44ef15d5b03974b41f7218066b6fd3a065", size = 718021, upload-time = "2026-04-02T13:52:25.73Z" }
wheels = [
    { url = "https://files.pythonhosted.org/packages/c0/9b/bee274b72adc7c692bf7cb8d6b0cd4071acf2957e82dace45d3f2770470e/peewee-4.0.4-py3-none-any.whl", hash = "sha256:37ccd3f89e523c7b42eed023cd90b48d088753ddff1d74e854a9c6445e7bd797", size = 144487, upload-time = "2026-04-02T13:52:24.099Z" },
]
